
Microsoft Visual Studio Solution File, Format Version 12.00
# Visual Studio 2013
VisualStudioVersion = 12.0.0.0
MinimumVisualStudioVersion = 10.0.0.1
Project("{2150E333-8FDC-42A3-9474-1A3956D46DE8}") = "src", "src", "{E4217488-A793-4B4A-B49A-83A6B52AF9CF}"
EndProject
Project("{FAE04EC0-301F-11D3-BF4B-00C04F79EFBC}") = "website-performance", "src\website-performance\website-performance.csproj", "{D6F239FC-A5E3-446B-8E22-E860BBC6FF6D}"
EndProject
Project("{2150E333-8FDC-42A3-9474-1A3956D46DE8}") = "tests", "tests", "{C933F9F9-3FAA-4814-A1F1-4BCD258A9AD7}"
EndProject
Project("{FAE04EC0-301F-11D3-BF4B-00C04F79EFBC}") = "website-performance.Tests.Unit", "tests\website-performance.Tests.Unit\website-performance.Tests.Unit.csproj", "{E16061E5-E5CF-4107-A21A-188E2BFC7295}"
EndProject
Project("{2150E333-8FDC-42A3-9474-1A3956D46DE8}") = "build", "build", "{B3BD36FA-68B0-4846-A3F0-B57E52A75590}"
ProjectSection(SolutionItems) = preProject
	build.cake = build.cake
	build.ps1 = build.ps1
	build.sh = build.sh
	appveyor.yml = appveyor.yml
EndProjectSection
EndProject
Project("{2150E333-8FDC-42A3-9474-1A3956D46DE8}") = "docs", "docs", "{44403619-7D20-460C-A91F-55A2A3132589}"
ProjectSection(SolutionItems) = preProject
	LICENSE = LICENSE
EndProjectSection
EndProject
Global
	GlobalSection(SolutionConfigurationPlatforms) = preSolution
		Debug|Any CPU = Debug|Any CPU
		Release|Any CPU = Release|Any CPU
	EndGlobalSection
	GlobalSection(ProjectConfigurationPlatforms) = postSolution
		{D6F239FC-A5E3-446B-8E22-E860BBC6FF6D}.Debug|Any CPU.ActiveCfg = Debug|Any CPU
		{D6F239FC-A5E3-446B-8E22-E860BBC6FF6D}.Debug|Any CPU.Build.0 = Debug|Any CPU
		{D6F239FC-A5E3-446B-8E22-E860BBC6FF6D}.Release|Any CPU.ActiveCfg = Release|Any CPU
		{D6F239FC-A5E3-446B-8E22-E860BBC6FF6D}.Release|Any CPU.Build.0 = Release|Any CPU
		{E16061E5-E5CF-4107-A21A-188E2BFC7295}.Debug|Any CPU.ActiveCfg = Debug|Any CPU
		{E16061E5-E5CF-4107-A21A-188E2BFC7295}.Debug|Any CPU.Build.0 = Debug|Any CPU
		{E16061E5-E5CF-4107-A21A-188E2BFC7295}.Release|Any CPU.ActiveCfg = Release|Any CPU
		{E16061E5-E5CF-4107-A21A-188E2BFC7295}.Release|Any CPU.Build.0 = Release|Any CPU
	EndGlobalSection
	GlobalSection(SolutionProperties) = preSolution
		HideSolutionNode = FALSE
	EndGlobalSection
	GlobalSection(NestedProjects) = preSolution
		{D6F239FC-A5E3-446B-8E22-E860BBC6FF6D} = {E4217488-A793-4B4A-B49A-83A6B52AF9CF}
		{E16061E5-E5CF-4107-A21A-188E2BFC7295} = {C933F9F9-3FAA-4814-A1F1-4BCD258A9AD7}
	EndGlobalSection
EndGlobal
